<?xml version="1.0" encoding="utf-8"?>
<Project ToolsVersion="4.0" xmlns="http://schemas.microsoft.com/developer/msbuild/2003">
  <ItemGroup>
    <Filter Include="Source Files">
      <UniqueIdentifier>{4FC737F1-C7A5-4376-A066-2A32D752A2FF}</UniqueIdentifier>
      <Extensions>cpp;c;cc;cxx;def;odl;idl;hpj;bat;asm;asmx</Extensions>
    </Filter>
    <Filter Include="Header Files">
      <UniqueIdentifier>{93995380-89BD-4b04-88EB-625FBE52EBFB}</UniqueIdentifier>
      <Extensions>h;hh;hpp;hxx;hm;inl;inc;xsd</Extensions>
    </Filter>
    <Filter Include="Resource Files">
      <UniqueIdentifier>{67DA6AB6-F800-4c08-8B7A-83BB121AAD01}</UniqueIdentifier>
      <Extensions>rc;ico;cur;bmp;dlg;rc2;rct;bin;rgs;gif;jpg;jpeg;jpe;resx;tiff;tif;png;wav;mfcribbon-ms</Extensions>
    </Filter>
    <Filter Include="Shaders">
      <UniqueIdentifier>{5b14b520-c70d-473d-880e-99367c448351}</UniqueIdentifier>
    </Filter>
  </ItemGroup>
  <ItemGroup>
    <ClCompile Include="src\main.cpp">
      <Filter>Source Files</Filter>
    </ClCompile>
    <ClCompile Include="src\bitstream.cpp">
      <Filter>Source Files</Filter>
    </ClCompile>
    <ClCompile Include="src\game_time.cpp">
      <Filter>Source Files</Filter>
    </ClCompile>
    <ClCompile Include="src\network\address.cpp">
      <Filter>Source Files</Filter>
    </ClCompile>
    <ClCompile Include="src\network\network_message.cpp">
      <Filter>Source Files</Filter>
    </ClCompile>
    <ClCompile Include="src\network\packet.cpp">
      <Filter>Source Files</Filter>
    </ClCompile>
    <ClCompile Include="src\network\remote_client.cpp">
      <Filter>Source Files</Filter>
    </ClCompile>
    <ClCompile Include="src\game\rocketmen.cpp">
      <Filter>Source Files</Filter>
    </ClCompile>
    <ClCompile Include="src\network\socket.cpp">
      <Filter>Source Files</Filter>
    </ClCompile>
    <ClCompile Include="src\core\core.cpp">
      <Filter>Source Files</Filter>
    </ClCompile>
    <ClCompile Include="src\core\window.cpp">
      <Filter>Source Files</Filter>
    </ClCompile>
    <ClCompile Include="src\core\resource_manager.cpp">
      <Filter>Source Files</Filter>
    </ClCompile>
    <ClCompile Include="src\core\input.cpp">
      <Filter>Source Files</Filter>
    </ClCompile>
    <ClCompile Include="src\core\game.cpp">
      <Filter>Source Files</Filter>
    </ClCompile>
    <ClCompile Include="src\graphics\check_gl_error.cpp">
      <Filter>Source Files</Filter>
    </ClCompile>
    <ClCompile Include="src\graphics\sprite_renderer.cpp">
      <Filter>Source Files</Filter>
    </ClCompile>
    <ClCompile Include="src\graphics\texture.cpp">
      <Filter>Source Files</Filter>
    </ClCompile>
    <ClCompile Include="src\graphics\shader.cpp">
      <Filter>Source Files</Filter>
    </ClCompile>
    <ClCompile Include="src\graphics\renderer.cpp">
      <Filter>Source Files</Filter>
    </ClCompile>
    <ClCompile Include="src\graphics\camera.cpp">
      <Filter>Source Files</Filter>
    </ClCompile>
    <ClCompile Include="src\graphics\tile_renderer.cpp">
      <Filter>Source Files</Filter>
    </ClCompile>
    <ClCompile Include="src\graphics\tile_map.cpp">
      <Filter>Source Files</Filter>
    </ClCompile>
    <ClCompile Include="src\physics.cpp">
      <Filter>Source Files</Filter>
    </ClCompile>
    <ClCompile Include="src\physics\rigidbody.cpp">
      <Filter>Source Files</Filter>
    </ClCompile>
    <ClCompile Include="src\core\entity.cpp">
      <Filter>Source Files</Filter>
    </ClCompile>
    <ClCompile Include="src\game\character.cpp">
      <Filter>Source Files</Filter>
    </ClCompile>
    <ClCompile Include="src\core\transform.cpp">
      <Filter>Source Files</Filter>
    </ClCompile>
    <ClCompile Include="src\physics\staticbody.cpp">
      <Filter>Source Files</Filter>
    </ClCompile>
    <ClCompile Include="src\game\rocket.cpp">
      <Filter>Source Files</Filter>
    </ClCompile>
    <ClCompile Include="src\core\action_listener.cpp">
      <Filter>Source Files</Filter>
    </ClCompile>
    <ClCompile Include="src\network.cpp">
      <Filter>Source Files</Filter>
    </ClCompile>
    <ClCompile Include="src\network\server.cpp">
      <Filter>Source Files</Filter>
    </ClCompile>
    <ClCompile Include="src\network\client.cpp">
      <Filter>Source Files</Filter>
    </ClCompile>
    <ClCompile Include="src\core\debug.cpp">
      <Filter>Source Files</Filter>
    </ClCompile>
    <ClCompile Include="src\crc\crc.c">
      <Filter>Source Files</Filter>
    </ClCompile>
    <ClCompile Include="src\tests.cpp">
      <Filter>Source Files</Filter>
    </ClCompile>
    <ClCompile Include="src\circular_buffer.cpp">
      <Filter>Source Files</Filter>
    </ClCompile>
    <ClCompile Include="src\core\entity_factory.cpp">
      <Filter>Source Files</Filter>
    </ClCompile>
    <ClCompile Include="src\common.cpp">
      <Filter>Source Files</Filter>
    </ClCompile>
    <ClCompile Include="src\network\sequence_buffer.cpp">
      <Filter>Source Files</Filter>
    </ClCompile>
    <ClCompile Include="src\network\connection.cpp">
      <Filter>Source Files</Filter>
    </ClCompile>
    <ClCompile Include="src\network\network_channel.cpp">
      <Filter>Source Files</Filter>
    </ClCompile>
    <ClCompile Include="src\network\reliable_ordered_channel.cpp">
      <Filter>Source Files</Filter>
    </ClCompile>
    <ClCompile Include="src\network\unreliable_channel.cpp">
      <Filter>Source Files</Filter>
    </ClCompile>
    <ClCompile Include="src\core\entity_manager.cpp">
      <Filter>Source Files</Filter>
    </ClCompile>
    <ClCompile Include="src\network\snapshot.cpp">
      <Filter>Source Files</Filter>
    </ClCompile>
    <ClCompile Include="src\core\action.cpp">
      <Filter>Source Files</Filter>
    </ClCompile>
    <ClCompile Include="src\network\client_history.cpp">
      <Filter>Source Files</Filter>
    </ClCompile>
    <ClCompile Include="src\core\action_buffer.cpp">
      <Filter>Source Files</Filter>
    </ClCompile>
    <ClCompile Include="src\network\packet_receiver.cpp">
      <Filter>Source Files</Filter>
    </ClCompile>
  </ItemGroup>
  <ItemGroup>
    <ClInclude Include="src\bitstream.h">
      <Filter>Header Files</Filter>
    </ClInclude>
    <ClInclude Include="src\game_time.h">
      <Filter>Header Files</Filter>
    </ClInclude>
    <ClInclude Include="src\network\address.h">
      <Filter>Header Files</Filter>
    </ClInclude>
    <ClInclude Include="src\network\network_message.h">
      <Filter>Header Files</Filter>
    </ClInclude>
    <ClInclude Include="src\network\packet.h">
      <Filter>Header Files</Filter>
    </ClInclude>
    <ClInclude Include="src\network\remote_client.h">
      <Filter>Header Files</Filter>
    </ClInclude>
    <ClInclude Include="src\game\rocketmen.h">
      <Filter>Header Files</Filter>
    </ClInclude>
    <ClInclude Include="src\network\socket.h">
      <Filter>Header Files</Filter>
    </ClInclude>
    <ClInclude Include="src\core\core.h">
      <Filter>Header Files</Filter>
    </ClInclude>
    <ClInclude Include="src\core\keys.h">
      <Filter>Header Files</Filter>
    </ClInclude>
    <ClInclude Include="src\core\window.h">
      <Filter>Header Files</Filter>
    </ClInclude>
    <ClInclude Include="src\core\resource_manager.h">
      <Filter>Header Files</Filter>
    </ClInclude>
    <ClInclude Include="src\core\input.h">
      <Filter>Header Files</Filter>
    </ClInclude>
    <ClInclude Include="src\core\game.h">
      <Filter>Header Files</Filter>
    </ClInclude>
    <ClInclude Include="src\graphics\check_gl_error.h">
      <Filter>Header Files</Filter>
    </ClInclude>
    <ClInclude Include="src\graphics\texture.h">
      <Filter>Header Files</Filter>
    </ClInclude>
    <ClInclude Include="src\graphics\sprite_renderer.h">
      <Filter>Header Files</Filter>
    </ClInclude>
    <ClInclude Include="src\graphics\shader.h">
      <Filter>Header Files</Filter>
    </ClInclude>
    <ClInclude Include="src\graphics\renderer.h">
      <Filter>Header Files</Filter>
    </ClInclude>
    <ClInclude Include="src\graphics\camera.h">
      <Filter>Header Files</Filter>
    </ClInclude>
    <ClInclude Include="src\utility.h">
      <Filter>Header Files</Filter>
    </ClInclude>
    <ClInclude Include="src\graphics\tile_renderer.h">
      <Filter>Header Files</Filter>
    </ClInclude>
    <ClInclude Include="src\graphics\tile_map.h">
      <Filter>Header Files</Filter>
    </ClInclude>
    <ClInclude Include="src\physics.h">
      <Filter>Header Files</Filter>
    </ClInclude>
    <ClInclude Include="src\physics\rigidbody.h">
      <Filter>Header Files</Filter>
    </ClInclude>
    <ClInclude Include="src\core\entity.h">
      <Filter>Header Files</Filter>
    </ClInclude>
    <ClInclude Include="src\game\character.h">
      <Filter>Header Files</Filter>
    </ClInclude>
    <ClInclude Include="src\core\transform.h">
      <Filter>Header Files</Filter>
    </ClInclude>
    <ClInclude Include="src\physics\staticbody.h">
      <Filter>Header Files</Filter>
    </ClInclude>
    <ClInclude Include="src\physics\physics_box2d.h">
      <Filter>Header Files</Filter>
    </ClInclude>
    <ClInclude Include="src\game\rocket.h">
      <Filter>Header Files</Filter>
    </ClInclude>
    <ClInclude Include="src\core\action_listener.h">
      <Filter>Header Files</Filter>
    </ClInclude>
    <ClInclude Include="src\network.h">
      <Filter>Header Files</Filter>
    </ClInclude>
    <ClInclude Include="src\network\server.h">
      <Filter>Header Files</Filter>
    </ClInclude>
    <ClInclude Include="src\network\client.h">
      <Filter>Header Files</Filter>
    </ClInclude>
    <ClInclude Include="src\core\debug.h">
      <Filter>Header Files</Filter>
    </ClInclude>
    <ClInclude Include="src\crc\crc.h">
      <Filter>Header Files</Filter>
    </ClInclude>
    <ClInclude Include="src\circular_buffer.h">
      <Filter>Header Files</Filter>
    </ClInclude>
    <ClInclude Include="src\core\entity_factory.h">
      <Filter>Header Files</Filter>
    </ClInclude>
    <ClInclude Include="src\core\entity_type.h">
      <Filter>Source Files</Filter>
    </ClInclude>
    <ClInclude Include="src\common.h">
      <Filter>Header Files</Filter>
    </ClInclude>
    <ClInclude Include="src\network\message_buffer.h">
      <Filter>Header Files</Filter>
    </ClInclude>
    <ClInclude Include="src\network\sequence_buffer.h">
      <Filter>Header Files</Filter>
    </ClInclude>
    <ClInclude Include="src\network\connection.h">
      <Filter>Header Files</Filter>
    </ClInclude>
    <ClInclude Include="src\network\common_network.h">
      <Filter>Header Files</Filter>
    </ClInclude>
    <ClInclude Include="src\network\network_channel.h">
      <Filter>Header Files</Filter>
    </ClInclude>
    <ClInclude Include="src\network\reliable_ordered_channel.h">
      <Filter>Header Files</Filter>
    </ClInclude>
    <ClInclude Include="src\network\unreliable_channel.h">
      <Filter>Header Files</Filter>
    </ClInclude>
    <ClInclude Include="src\network\connection_callback.h">
      <Filter>Header Files</Filter>
    </ClInclude>
    <ClInclude Include="src\network\message_type.h">
      <Filter>Header Files</Filter>
    </ClInclude>
    <ClInclude Include="src\core\entity_manager.h">
      <Filter>Header Files</Filter>
    </ClInclude>
    <ClInclude Include="src\network\snapshot.h">
      <Filter>Header Files</Filter>
    </ClInclude>
    <ClInclude Include="src\buffer.h">
      <Filter>Header Files</Filter>
    </ClInclude>
    <ClInclude Include="src\core\action.h">
      <Filter>Header Files</Filter>
    </ClInclude>
    <ClInclude Include="src\network\client_history.h">
      <Filter>Header Files</Filter>
    </ClInclude>
    <ClInclude Include="src\core\action_buffer.h">
      <Filter>Header Files</Filter>
    </ClInclude>
    <ClInclude Include="src\network\packet_receiver.h">
      <Filter>Header Files</Filter>
    </ClInclude>
  </ItemGroup>
  <ItemGroup>
    <None Include="data\shaders\sprite_shader.frag" />
    <None Include="data\shaders\sprite_shader.vert" />
    <None Include="data\shaders\tile_shader.frag" />
    <None Include="data\shaders\tile_shader.vert" />
    <None Include="data\shaders\line_shader.frag" />
    <None Include="data\shaders\line_shader.vert" />
  </ItemGroup>
</Project>